// !$*UTF8*$!
{
	archiveVersion = 1;
	classes = {
	};
	objectVersion = 56;
	objects = {

/* Begin PBXBuildFile section */
		AE9214FE29BB97BE00284799 /* NSSecureCodingClientApp.swift in Sources */ = {isa = PBXBuildFile; fileRef = AE9214FD29BB97BE00284799 /* NSSecureCodingClientApp.swift */; };
		AE92150029BB97BE00284799 /* ContentView.swift in Sources */ = {isa = PBXBuildFile; fileRef = AE9214FF29BB97BE00284799 /* ContentView.swift */; };
		AE92150229BB97BF00284799 /* Assets.xcassets in Resources */ = {isa = PBXBuildFile; fileRef = AE92150129BB97BF00284799 /* Assets.xcassets */; };
		AE92150629BB97BF00284799 /* Preview Assets.xcassets in Resources */ = {isa = PBXBuildFile; fileRef = AE92150529BB97BF00284799 /* Preview Assets.xcassets */; };
		AE92151029BB97BF00284799 /* NSSecureCodingClientTests.swift in Sources */ = {isa = PBXBuildFile; fileRef = AE92150F29BB97BF00284799 /* NSSecureCodingClientTests.swift */; };
/* End PBXBuildFile section */

/* Begin PBXContainerItemProxy section */
		AE92150C29BB97BF00284799 /* PBXContainerItemProxy */ = {
			isa = PBXContainerItemProxy;
			containerPortal = AE9214F229BB97BE00284799 /* Project object */;
			proxyType = 1;
			remoteGlobalIDString = AE9214F929BB97BE00284799;
			remoteInfo = NSSecureCodingClient;
		};
/* End PBXContainerItemProxy section */

/* Begin PBXFileReference section */
		AE9214FA29BB97BE00284799 /* NSSecureCodingClient.app */ = {isa = PBXFileReference; explicitFileType = wrapper.application; includeInIndex = 0; path = NSSecureCodingClient.app; sourceTree = BUILT_PRODUCTS_DIR; };
		AE9214FD29BB97BE00284799 /* NSSecureCodingClientApp.swift */ = {isa = PBXFileReference; lastKnownFileType = sourcecode.swift; path = NSSecureCodingClientApp.swift; sourceTree = "<group>"; };
		AE9214FF29BB97BE00284799 /* ContentView.swift */ = {isa = PBXFileReference; lastKnownFileType = sourcecode.swift; path = ContentView.swift; sourceTree = "<group>"; };
		AE92150129BB97BF00284799 /* Assets.xcassets */ = {isa = PBXFileReference; lastKnownFileType = folder.assetcatalog; path = Assets.xcassets; sourceTree = "<group>"; };
		AE92150329BB97BF00284799 /* NSSecureCodingClient.entitlements */ = {isa = PBXFileReference; lastKnownFileType = text.plist.entitlements; path = NSSecureCodingClient.entitlements; sourceTree = "<group>"; };
		AE92150529BB97BF00284799 /* Preview Assets.xcassets */ = {isa = PBXFileReference; lastKnownFileType = folder.assetcatalog; path = "Preview Assets.xcassets"; sourceTree = "<group>"; };
		AE92150B29BB97BF00284799 /* NSSecureCodingClientTests.xctest */ = {isa = PBXFileReference; explicitFileType = wrapper.cfbundle; includeInIndex = 0; path = NSSecureCodingClientTests.xctest; sourceTree = BUILT_PRODUCTS_DIR; };
		AE92150F29BB97BF00284799 /* NSSecureCodingClientTests.swift */ = {isa = PBXFileReference; lastKnownFileType = sourcecode.swift; path = NSSecureCodingClientTests.swift; sourceTree = "<group>"; };
		AE92152929BB9A8B00284799 /* NSSecureCodingFramework.framework */ = {isa = PBXFileReference; explicitFileType = wrapper.framework; path = NSSecureCodingFramework.framework; sourceTree = BUILT_PRODUCTS_DIR; };
		AE92152D29BB9B9A00284799 /* NSSecureCodingFramework.framework */ = {isa = PBXFileReference; explicitFileType = wrapper.framework; path = NSSecureCodingFramework.framework; sourceTree = BUILT_PRODUCTS_DIR; };
/* End PBXFileReference section */

/* Begin PBXFrameworksBuildPhase section */
		AE9214F729BB97BE00284799 /* Frameworks */ = {
			isa = PBXFrameworksBuildPhase;
			buildActionMask = 2147483647;
			files = (
			);
			runOnlyForDeploymentPostprocessing = 0;
		};
		AE92150829BB97BF00284799 /* Frameworks */ = {
			isa = PBXFrameworksBuildPhase;
			buildActionMask = 2147483647;
			files = (
			);
			runOnlyForDeploymentPostprocessing = 0;
		};
/* End PBXFrameworksBuildPhase section */

/* Begin PBXGroup section */
		AE9214F129BB97BE00284799 = {
			isa = PBXGroup;
			children = (
				AE9214FC29BB97BE00284799 /* NSSecureCodingClient */,
				AE92150E29BB97BF00284799 /* NSSecureCodingClientTests */,
				AE9214FB29BB97BE00284799 /* Products */,
				AE92152829BB9A8B00284799 /* Frameworks */,
			);
			sourceTree = "<group>";
		};
		AE9214FB29BB97BE00284799 /* Products */ = {
			isa = PBXGroup;
			children = (
				AE9214FA29BB97BE00284799 /* NSSecureCodingClient.app */,
				AE92150B29BB97BF00284799 /* NSSecureCodingClientTests.xctest */,
			);
			name = Products;
			sourceTree = "<group>";
		};
		AE9214FC29BB97BE00284799 /* NSSecureCodingClient */ = {
			isa = PBXGroup;
			children = (
				AE9214FD29BB97BE00284799 /* NSSecureCodingClientApp.swift */,
				AE9214FF29BB97BE00284799 /* ContentView.swift */,
				AE92150129BB97BF00284799 /* Assets.xcassets */,
				AE92150329BB97BF00284799 /* NSSecureCodingClient.entitlements */,
				AE92150429BB97BF00284799 /* Preview Content */,
			);
			path = NSSecureCodingClient;
			sourceTree = "<group>";
		};
		AE92150429BB97BF00284799 /* Preview Content */ = {
			isa = PBXGroup;
			children = (
				AE92150529BB97BF00284799 /* Preview Assets.xcassets */,
			);
			path = "Preview Content";
			sourceTree = "<group>";
		};
		AE92150E29BB97BF00284799 /* NSSecureCodingClientTests */ = {
			isa = PBXGroup;
			children = (
				AE92150F29BB97BF00284799 /* NSSecureCodingClientTests.swift */,
			);
			path = NSSecureCodingClientTests;
			sourceTree = "<group>";
		};
		AE92152829BB9A8B00284799 /* Frameworks */ = {
			isa = PBXGroup;
			children = (
				AE92152D29BB9B9A00284799 /* NSSecureCodingFramework.framework */,
				AE92152929BB9A8B00284799 /* NSSecureCodingFramework.framework */,
			);
			name = Frameworks;
			sourceTree = "<group>";
		};
/* End PBXGroup section */

/* Begin PBXNativeTarget section */
		AE9214F929BB97BE00284799 /* NSSecureCodingClient */ = {
			isa = PBXNativeTarget;
			buildConfigurationList = AE92151F29BB97BF00284799 /* Build configuration list for PBXNativeTarget "NSSecureCodingClient" */;
			buildPhases = (
				AE9214F629BB97BE00284799 /* Sources */,
				AE9214F729BB97BE00284799 /* Frameworks */,
				AE9214F829BB97BE00284799 /* Resources */,
			);
			buildRules = (
			);
			dependencies = (
			);
			name = NSSecureCodingClient;
			productName = NSSecureCodingClient;
			productReference = AE9214FA29BB97BE00284799 /* NSSecureCodingClient.app */;
			productType = "com.apple.product-type.application";
		};
		AE92150A29BB97BF00284799 /* NSSecureCodingClientTests */ = {
			isa = PBXNativeTarget;
			buildConfigurationList = AE92152229BB97BF00284799 /* Build configuration list for PBXNativeTarget "NSSecureCodingClientTests" */;
			buildPhases = (
				AE92150729BB97BF00284799 /* Sources */,
				AE92150829BB97BF00284799 /* Frameworks */,
				AE92150929BB97BF00284799 /* Resources */,
			);
			buildRules = (
			);
			dependencies = (
				AE92150D29BB97BF00284799 /* PBXTargetDependency */,
			);
			name = NSSecureCodingClientTests;
			productName = NSSecureCodingClientTests;
			productReference = AE92150B29BB97BF00284799 /* NSSecureCodingClientTests.xctest */;
			productType = "com.apple.product-type.bundle.unit-test";
		};
/* End PBXNativeTarget section */

/* Begin PBXProject section */
		AE9214F229BB97BE00284799 /* Project object */ = {
			isa = PBXProject;
			attributes = {
				BuildIndependentTargetsInParallel = 1;
				LastSwiftUpdateCheck = 1420;
				LastUpgradeCheck = 1420;
				TargetAttributes = {
					AE9214F929BB97BE00284799 = {
						CreatedOnToolsVersion = 14.2;
					};
					AE92150A29BB97BF00284799 = {
						CreatedOnToolsVersion = 14.2;
						TestTargetID = AE9214F929BB97BE00284799;
					};
				};
			};
			buildConfigurationList = AE9214F529BB97BE00284799 /* Build configuration list for PBXProject "NSSecureCodingClient" */;
			compatibilityVersion = "Xcode 14.0";
			developmentRegion = en;
			hasScannedForEncodings = 0;
			knownRegions = (
				en,
				Base,
			);
			mainGroup = AE9214F129BB97BE00284799;
			productRefGroup = AE9214FB29BB97BE00284799 /* Products */;
			projectDirPath = "";
			projectRoot = "";
			targets = (
				AE9214F929BB97BE00284799 /* NSSecureCodingClient */,
				AE92150A29BB97BF00284799 /* NSSecureCodingClientTests */,
			);
		};
/* End PBXProject section */

/* Begin PBXResourcesBuildPhase section */
		AE9214F829BB97BE00284799 /* Resources */ = {
			isa = PBXResourcesBuildPhase;
			buildActionMask = 2147483647;
			files = (
				AE92150629BB97BF00284799 /* Preview Assets.xcassets in Resources */,
				AE92150229BB97BF00284799 /* Assets.xcassets in Resources */,
			);
			runOnlyForDeploymentPostprocessing = 0;
		};
		AE92150929BB97BF00284799 /* Resources */ = {
			isa = PBXResourcesBuildPhase;
			buildActionMask = 2147483647;
			files = (
			);
			runOnlyForDeploymentPostprocessing = 0;
		};
/* End PBXResourcesBuildPhase section */

/* Begin PBXSourcesBuildPhase section */
		AE9214F629BB97BE00284799 /* Sources */ = {
			isa = PBXSourcesBuildPhase;
			buildActionMask = 2147483647;
			files = (
				AE92150029BB97BE00284799 /* ContentView.swift in Sources */,
				AE9214FE29BB97BE00284799 /* NSSecureCodingClientApp.swift in Sources */,
			);
			runOnlyForDeploymentPostprocessing = 0;
		};
		AE92150729BB97BF00284799 /* Sources */ = {
			isa = PBXSourcesBuildPhase;
			buildActionMask = 2147483647;
			files = (
				AE92151029BB97BF00284799 /* NSSecureCodingClientTests.swift in Sources */,
			);
			runOnlyForDeploymentPostprocessing = 0;
		};
/* End PBXSourcesBuildPhase section */

/* Begin PBXTargetDependency section */
		AE92150D29BB97BF00284799 /* PBXTargetDependency */ = {
			isa = PBXTargetDependency;
			target = AE9214F929BB97BE00284799 /* NSSecureCodingClient */;
			targetProxy = AE92150C29BB97BF00284799 /* PBXContainerItemProxy */;
		};
/* End PBXTargetDependency section */

/* Begin XCBuildConfiguration section */
		AE92151D29BB97BF00284799 /* Debug */ = {
			isa = XCBuildConfiguration;
			buildSettings = {
				ALWAYS_SEARCH_USER_PATHS = NO;
				CLANG_ANALYZER_NONNULL = YES;
				CLANG_ANALYZER_NUMBER_OBJECT_CONVERSION = YES_AGGRESSIVE;
				CLANG_CXX_LANGUAGE_STANDARD = "gnu++20";
				CLANG_ENABLE_MODULES = YES;
				CLANG_ENABLE_OBJC_ARC = YES;
				CLANG_ENABLE_OBJC_WEAK = YES;
				CLANG_WARN_BLOCK_CAPTURE_AUTORELEASING = YES;
				CLANG_WARN_BOOL_CONVERSION = YES;
				CLANG_WARN_COMMA = YES;
				CLANG_WARN_CONSTANT_CONVERSION = YES;
				CLANG_WARN_DEPRECATED_OBJC_IMPLEMENTATIONS = YES;
				CLANG_WARN_DIRECT_OBJC_ISA_USAGE = YES_ERROR;
				CLANG_WARN_DOCUMENTATION_COMMENTS = YES;
				CLANG_WARN_EMPTY_BODY = YES;
				CLANG_WARN_ENUM_CONVERSION = YES;
				CLANG_WARN_INFINITE_RECURSION = YES;
				CLANG_WARN_INT_CONVERSION = YES;
				CLANG_WARN_NON_LITERAL_NULL_CONVERSION = YES;
				CLANG_WARN_OBJC_IMPLICIT_RETAIN_SELF = YES;
				CLANG_WARN_OBJC_LITERAL_CONVERSION = YES;
				CLANG_WARN_OBJC_ROOT_CLASS = YES_ERROR;
				CLANG_WARN_QUOTED_INCLUDE_IN_FRAMEWORK_HEADER = YES;
				CLANG_WARN_RANGE_LOOP_ANALYSIS = YES;
				CLANG_WARN_STRICT_PROTOTYPES = YES;
				CLANG_WARN_SUSPICIOUS_MOVE = YES;
				CLANG_WARN_UNGUARDED_AVAILABILITY = YES_AGGRESSIVE;
				CLANG_WARN_UNREACHABLE_CODE = YES;
				CLANG_WARN__DUPLICATE_METHOD_MATCH = YES;
				COPY_PHASE_STRIP = NO;
				DEBUG_INFORMATION_FORMAT = dwarf;
				ENABLE_STRICT_OBJC_MSGSEND = YES;
				ENABLE_TESTABILITY = YES;
				GCC_C_LANGUAGE_STANDARD = gnu11;
				GCC_DYNAMIC_NO_PIC = NO;
				GCC_NO_COMMON_BLOCKS = YES;
				GCC_OPTIMIZATION_LEVEL = 0;
				GCC_PREPROCESSOR_DEFINITIONS = (
					"DEBUG=1",
					"$(inherited)",
				);
				GCC_WARN_64_TO_32_BIT_CONVERSION = YES;
				GCC_WARN_ABOUT_RETURN_TYPE = YES_ERROR;
				GCC_WARN_UNDECLARED_SELECTOR = YES;
				GCC_WARN_UNINITIALIZED_AUTOS = YES_AGGRESSIVE;
				GCC_WARN_UNUSED_FUNCTION = YES;
				GCC_WARN_UNUSED_VARIABLE = YES;
				MTL_ENABLE_DEBUG_INFO = INCLUDE_SOURCE;
				MTL_FAST_MATH = YES;
				ONLY_ACTIVE_ARCH = YES;
				SWIFT_ACTIVE_COMPILATION_CONDITIONS = DEBUG;
				SWIFT_OPTIMIZATION_LEVEL = "-Onone";
			};
			name = Debug;
		};
		AE92151E29BB97BF00284799 /* Release */ = {
			isa = XCBuildConfiguration;
			buildSettings = {
				ALWAYS_SEARCH_USER_PATHS = NO;
				CLANG_ANALYZER_NONNULL = YES;
				CLANG_ANALYZER_NUMBER_OBJECT_CONVERSION = YES_AGGRESSIVE;
				CLANG_CXX_LANGUAGE_STANDARD = "gnu++20";
				CLANG_ENABLE_MODULES = YES;
				CLANG_ENABLE_OBJC_ARC = YES;
				CLANG_ENABLE_OBJC_WEAK = YES;
				CLANG_WARN_BLOCK_CAPTURE_AUTORELEASING = YES;
				CLANG_WARN_BOOL_CONVERSION = YES;
				CLANG_WARN_COMMA = YES;
				CLANG_WARN_CONSTANT_CONVERSION = YES;
				CLANG_WARN_DEPRECATED_OBJC_IMPLEMENTATIONS = YES;
				CLANG_WARN_DIRECT_OBJC_ISA_USAGE = YES_ERROR;
				CLANG_WARN_DOCUMENTATION_COMMENTS = YES;
				CLANG_WARN_EMPTY_BODY = YES;
				CLANG_WARN_ENUM_CONVERSION = YES;
				CLANG_WARN_INFINITE_RECURSION = YES;
				CLANG_WARN_INT_CONVERSION = YES;
				CLANG_WARN_NON_LITERAL_NULL_CONVERSION = YES;
				CLANG_WARN_OBJC_IMPLICIT_RETAIN_SELF = YES;
				CLANG_WARN_OBJC_LITERAL_CONVERSION = YES;
				CLANG_WARN_OBJC_ROOT_CLASS = YES_ERROR;
				CLANG_WARN_QUOTED_INCLUDE_IN_FRAMEWORK_HEADER = YES;
				CLANG_WARN_RANGE_LOOP_ANALYSIS = YES;
				CLANG_WARN_STRICT_PROTOTYPES = YES;
				CLANG_WARN_SUSPICIOUS_MOVE = YES;
				CLANG_WARN_UNGUARDED_AVAILABILITY = YES_AGGRESSIVE;
				CLANG_WARN_UNREACHABLE_CODE = YES;
				CLANG_WARN__DUPLICATE_METHOD_MATCH = YES;
				COPY_PHASE_STRIP = NO;
				DEBUG_INFORMATION_FORMAT = "dwarf-with-dsym";
				ENABLE_NS_ASSERTIONS = NO;
				ENABLE_STRICT_OBJC_MSGSEND = YES;
				GCC_C_LANGUAGE_STANDARD = gnu11;
				GCC_NO_COMMON_BLOCKS = YES;
				GCC_WARN_64_TO_32_BIT_CONVERSION = YES;
				GCC_WARN_ABOUT_RETURN_TYPE = YES_ERROR;
				GCC_WARN_UNDECLARED_SELECTOR = YES;
				GCC_WARN_UNINITIALIZED_AUTOS = YES_AGGRESSIVE;
				GCC_WARN_UNUSED_FUNCTION = YES;
				GCC_WARN_UNUSED_VARIABLE = YES;
				MTL_ENABLE_DEBUG_INFO = NO;
				MTL_FAST_MATH = YES;
				SWIFT_COMPILATION_MODE = wholemodule;
				SWIFT_OPTIMIZATION_LEVEL = "-O";
			};
			name = Release;
		};
		AE92152029BB97BF00284799 /* Debug */ = {
			isa = XCBuildConfiguration;
			buildSettings = {
				ASSETCATALOG_COMPILER_APPICON_NAME = AppIcon;
				ASSETCATALOG_COMPILER_GLOBAL_ACCENT_COLOR_NAME = AccentColor;
				CODE_SIGN_ENTITLEMENTS = NSSecureCodingClient/NSSecureCodingClient.entitlements;
				CODE_SIGN_STYLE = Automatic;
				CURRENT_PROJECT_VERSION = 1;
				DEVELOPMENT_ASSET_PATHS = "\"NSSecureCodingClient/Preview Content\"";
				DEVELOPMENT_TEAM = P2PHZ9K5JJ;
				ENABLE_HARDENED_RUNTIME = YES;
				ENABLE_PREVIEWS = YES;
				GENERATE_INFOPLIST_FILE = YES;
				"INFOPLIST_KEY_UIApplicationSceneManifest_Generation[sdk=iphoneos*]" = YES;
				"INFOPLIST_KEY_UIApplicationSceneManifest_Generation[sdk=iphonesimulator*]" = YES;
				"INFOPLIST_KEY_UIApplicationSupportsIndirectInputEvents[sdk=iphoneos*]" = YES;
				"INFOPLIST_KEY_UIApplicationSupportsIndirectInputEvents[sdk=iphonesimulator*]" = YES;
				"INFOPLIST_KEY_UILaunchScreen_Generation[sdk=iphoneos*]" = YES;
				"INFOPLIST_KEY_UILaunchScreen_Generation[sdk=iphonesimulator*]" = YES;
				"INFOPLIST_KEY_UIStatusBarStyle[sdk=iphoneos*]" = UIStatusBarStyleDefault;
				"INFOPLIST_KEY_UIStatusBarStyle[sdk=iphonesimulator*]" = UIStatusBarStyleDefault;
				INFOPLIST_KEY_UISupportedInterfaceOrientations_iPad = "UIInterfaceOrientationPortrait UIInterfaceOrientationPortraitUpsideDown UIInterfaceOrientationLandscapeLeft UIInterfaceOrientationLandscapeRight";
				INFOPLIST_KEY_UISupportedInterfaceOrientations_iPhone = "UIInterfaceOrientationPortrait UIInterfaceOrientationLandscapeLeft UIInterfaceOrientationLandscapeRight";
				IPHONEOS_DEPLOYMENT_TARGET = 16.2;
				LD_RUNPATH_SEARCH_PATHS = "@executable_path/Frameworks";
				"LD_RUNPATH_SEARCH_PATHS[sdk=macosx*]" = "@executable_path/../Frameworks";
				MACOSX_DEPLOYMENT_TARGET = 13.1;
				MARKETING_VERSION = 1.0;
				PRODUCT_BUNDLE_IDENTIFIER = com.tunnelbear.test.NSSecureCodingClient;
				PRODUCT_NAME = "$(TARGET_NAME)";
				SDKROOT = auto;
				SUPPORTED_PLATFORMS = "iphoneos iphonesimulator macosx";
				SWIFT_EMIT_LOC_STRINGS = YES;
				SWIFT_VERSION = 5.0;
				TARGETED_DEVICE_FAMILY = "1,2";
			};
			name = Debug;
		};
		AE92152129BB97BF00284799 /* Release */ = {
			isa = XCBuildConfiguration;
			buildSettings = {
				ASSETCATALOG_COMPILER_APPICON_NAME = AppIcon;
				ASSETCATALOG_COMPILER_GLOBAL_ACCENT_COLOR_NAME = AccentColor;
				CODE_SIGN_ENTITLEMENTS = NSSecureCodingClient/NSSecureCodingClient.entitlements;
				CODE_SIGN_STYLE = Automatic;
				CURRENT_PROJECT_VERSION = 1;
				DEVELOPMENT_ASSET_PATHS = "\"NSSecureCodingClient/Preview Content\"";
				DEVELOPMENT_TEAM = P2PHZ9K5JJ;
				ENABLE_HARDENED_RUNTIME = YES;
				ENABLE_PREVIEWS = YES;
				GENERATE_INFOPLIST_FILE = YES;
				"INFOPLIST_KEY_UIApplicationSceneManifest_Generation[sdk=iphoneos*]" = YES;
				"INFOPLIST_KEY_UIApplicationSceneManifest_Generation[sdk=iphonesimulator*]" = YES;
				"INFOPLIST_KEY_UIApplicationSupportsIndirectInputEvents[sdk=iphoneos*]" = YES;
				"INFOPLIST_KEY_UIApplicationSupportsIndirectInputEvents[sdk=iphonesimulator*]" = YES;
				"INFOPLIST_KEY_UILaunchScreen_Generation[sdk=iphoneos*]" = YES;
				"INFOPLIST_KEY_UILaunchScreen_Generation[sdk=iphonesimulator*]" = YES;
				"INFOPLIST_KEY_UIStatusBarStyle[sdk=iphoneos*]" = UIStatusBarStyleDefault;
				"INFOPLIST_KEY_UIStatusBarStyle[sdk=iphonesimulator*]" = UIStatusBarStyleDefault;
				INFOPLIST_KEY_UISupportedInterfaceOrientations_iPad = "UIInterfaceOrientationPortrait UIInterfaceOrientationPortraitUpsideDown UIInterfaceOrientationLandscapeLeft UIInterfaceOrientationLandscapeRight";
				INFOPLIST_KEY_UISupportedInterfaceOrientations_iPhone = "UIInterfaceOrientationPortrait UIInterfaceOrientationLandscapeLeft UIInterfaceOrientationLandscapeRight";
				IPHONEOS_DEPLOYMENT_TARGET = 16.2;
				LD_RUNPATH_SEARCH_PATHS = "@executable_path/Frameworks";
				"LD_RUNPATH_SEARCH_PATHS[sdk=macosx*]" = "@executable_path/../Frameworks";
				MACOSX_DEPLOYMENT_TARGET = 13.1;
				MARKETING_VERSION = 1.0;
				PRODUCT_BUNDLE_IDENTIFIER = com.tunnelbear.test.NSSecureCodingClient;
				PRODUCT_NAME = "$(TARGET_NAME)";
				SDKROOT = auto;
				SUPPORTED_PLATFORMS = "iphoneos iphonesimulator macosx";
				SWIFT_EMIT_LOC_STRINGS = YES;
				SWIFT_VERSION = 5.0;
				TARGETED_DEVICE_FAMILY = "1,2";
			};
			name = Release;
		};
		AE92152329BB97BF00284799 /* Debug */ = {
			isa = XCBuildConfiguration;
			buildSettings = {
				ALWAYS_EMBED_SWIFT_STANDARD_LIBRARIES = YES;
				BUNDLE_LOADER = "$(TEST_HOST)";
				CODE_SIGN_STYLE = Automatic;
				CURRENT_PROJECT_VERSION = 1;
				DEVELOPMENT_TEAM = P2PHZ9K5JJ;
				GENERATE_INFOPLIST_FILE = YES;
				IPHONEOS_DEPLOYMENT_TARGET = 16.2;
				MACOSX_DEPLOYMENT_TARGET = 13.1;
				MARKETING_VERSION = 1.0;
				PRODUCT_BUNDLE_IDENTIFIER = com.tunnelbear.test.NSSecureCodingClientTests;
				PRODUCT_NAME = "$(TARGET_NAME)";
				SDKROOT = auto;
				SUPPORTED_PLATFORMS = "iphoneos iphonesimulator macosx";
				SWIFT_EMIT_LOC_STRINGS = NO;
				SWIFT_VERSION = 5.0;
				TARGETED_DEVICE_FAMILY = "1,2";
				TEST_HOST = "$(BUILT_PRODUCTS_DIR)/NSSecureCodingClient.app/$(BUNDLE_EXECUTABLE_FOLDER_PATH)/NSSecureCodingClient";
			};
			name = Debug;
		};
		AE92152429BB97BF00284799 /* Release */ = {
			isa = XCBuildConfiguration;
			buildSettings = {
				ALWAYS_EMBED_SWIFT_STANDARD_LIBRARIES = YES;
				BUNDLE_LOADER = "$(TEST_HOST)";
				CODE_SIGN_STYLE = Automatic;
				CURRENT_PROJECT_VERSION = 1;
				DEVELOPMENT_TEAM = P2PHZ9K5JJ;
				GENERATE_INFOPLIST_FILE = YES;
				IPHONEOS_DEPLOYMENT_TARGET = 16.2;
				MACOSX_DEPLOYMENT_TARGET = 13.1;
				MARKETING_VERSION = 1.0;
				PRODUCT_BUNDLE_IDENTIFIER = com.tunnelbear.test.NSSecureCodingClientTests;
				PRODUCT_NAME = "$(TARGET_NAME)";
				SDKROOT = auto;
				SUPPORTED_PLATFORMS = "iphoneos iphonesimulator macosx";
				SWIFT_EMIT_LOC_STRINGS = NO;
				SWIFT_VERSION = 5.0;
				TARGETED_DEVICE_FAMILY = "1,2";
				TEST_HOST = "$(BUILT_PRODUCTS_DIR)/NSSecureCodingClient.app/$(BUNDLE_EXECUTABLE_FOLDER_PATH)/NSSecureCodingClient";
			};
			name = Release;
		};
/* End XCBuildConfiguration section */

/* Begin XCConfigurationList section */
		AE9214F529BB97BE00284799 /* Build configuration list for PBXProject "NSSecureCodingClient" */ = {
			isa = XCConfigurationList;
			buildConfigurations = (
				AE92151D29BB97BF00284799 /* Debug */,
				AE92151E29BB97BF00284799 /* Release */,
			);
			defaultConfigurationIsVisible = 0;
			defaultConfigurationName = Release;
		};
		AE92151F29BB97BF00284799 /* Build configuration list for PBXNativeTarget "NSSecureCodingClient" */ = {
			isa = XCConfigurationList;
			buildConfigurations = (
				AE92152029BB97BF00284799 /* Debug */,
				AE92152129BB97BF00284799 /* Release */,
			);
			defaultConfigurationIsVisible = 0;
			defaultConfigurationName = Release;
		};
		AE92152229BB97BF00284799 /* Build configuration list for PBXNativeTarget "NSSecureCodingClientTests" */ = {
			isa = XCConfigurationList;
			buildConfigurations = (
				AE92152329BB97BF00284799 /* Debug */,
				AE92152429BB97BF00284799 /* Release */,
			);
			defaultConfigurationIsVisible = 0;
			defaultConfigurationName = Release;
		};
/* End XCConfigurationList section */
	};
	rootObject = AE9214F229BB97BE00284799 /* Project object */;
}
